
Microsoft Visual Studio Solution File, Format Version 12.00
# Visual Studio Version 17
VisualStudioVersion = 17.0.31903.59
MinimumVisualStudioVersion = 10.0.40219.1
Project("{FAE04EC0-301F-11D3-BF4B-00C04F79EFBC}") = "PostitApp", "Client\PostitApp.csproj", "{A0F23631-6917-4C38-8BBB-CBC1C601DB1C}"
EndProject
Project("{FAE04EC0-301F-11D3-BF4B-00C04F79EFBC}") = "Api", "Api\Api.csproj", "{3378A10B-B0B1-4454-AC80-220CDF6D210F}"
EndProject
Project("{FAE04EC0-301F-11D3-BF4B-00C04F79EFBC}") = "Postit", "Shared\Postit.csproj", "{A67D0CBB-7DE2-4CC1-8DC8-17DE169F9807}"
EndProject
Global
	GlobalSection(SolutionConfigurationPlatforms) = preSolution
		Debug|Any CPU = Debug|Any CPU
		Release|Any CPU = Release|Any CPU
	EndGlobalSection
	GlobalSection(SolutionProperties) = preSolution
		HideSolutionNode = FALSE
	EndGlobalSection
	GlobalSection(ProjectConfigurationPlatforms) = postSolution
		{A0F23631-6917-4C38-8BBB-CBC1C601DB1C}.Debug|Any CPU.ActiveCfg = Debug|Any CPU
		{A0F23631-6917-4C38-8BBB-CBC1C601DB1C}.Debug|Any CPU.Build.0 = Debug|Any CPU
		{A0F23631-6917-4C38-8BBB-CBC1C601DB1C}.Release|Any CPU.ActiveCfg = Release|Any CPU
		{A0F23631-6917-4C38-8BBB-CBC1C601DB1C}.Release|Any CPU.Build.0 = Release|Any CPU
		{3378A10B-B0B1-4454-AC80-220CDF6D210F}.Debug|Any CPU.ActiveCfg = Debug|Any CPU
		{3378A10B-B0B1-4454-AC80-220CDF6D210F}.Debug|Any CPU.Build.0 = Debug|Any CPU
		{3378A10B-B0B1-4454-AC80-220CDF6D210F}.Release|Any CPU.ActiveCfg = Release|Any CPU
		{3378A10B-B0B1-4454-AC80-220CDF6D210F}.Release|Any CPU.Build.0 = Release|Any CPU
		{A67D0CBB-7DE2-4CC1-8DC8-17DE169F9807}.Debug|Any CPU.ActiveCfg = Debug|Any CPU
		{A67D0CBB-7DE2-4CC1-8DC8-17DE169F9807}.Debug|Any CPU.Build.0 = Debug|Any CPU
		{A67D0CBB-7DE2-4CC1-8DC8-17DE169F9807}.Release|Any CPU.ActiveCfg = Release|Any CPU
		{A67D0CBB-7DE2-4CC1-8DC8-17DE169F9807}.Release|Any CPU.Build.0 = Release|Any CPU
	EndGlobalSection
EndGlobal
